
Microsoft Visual Studio Solution File, Format Version 12.00
# Visual Studio 15
VisualStudioVersion = 15.0.28307.572
MinimumVisualStudioVersion = 10.0.40219.1
Project("{8BC9CEB8-8B4A-11D0-8D11-00A0C91BC942}") = "WindowsProject2", "WindowsProject2\WindowsProject2.vcxproj", "{34FA5499-D872-4301-B598-EB48B069D528}"
EndProject
Global
	GlobalSection(SolutionConfigurationPlatforms) = preSolution
		Debug|x64 = Debug|x64
		Debug|x86 = Debug|x86
		Release|x64 = Release|x64
		Release|x86 = Release|x86
	EndGlobalSection
	GlobalSection(ProjectConfigurationPlatforms) = postSolution
		{34FA5499-D872-4301-B598-EB48B069D528}.Debug|x64.ActiveCfg = Debug|x64
		{34FA5499-D872-4301-B598-EB48B069D528}.Debug|x64.Build.0 = Debug|x64
		{34FA5499-D872-4301-B598-EB48B069D528}.Debug|x86.ActiveCfg = Debug|Win32
		{34FA5499-D872-4301-B598-EB48B069D528}.Debug|x86.Build.0 = Debug|Win32
		{34FA5499-D872-4301-B598-EB48B069D528}.Release|x64.ActiveCfg = Release|x64
		{34FA5499-D872-4301-B598-EB48B069D528}.Release|x64.Build.0 = Release|x64
		{34FA5499-D872-4301-B598-EB48B069D528}.Release|x86.ActiveCfg = Release|Win32
		{34FA5499-D872-4301-B598-EB48B069D528}.Release|x86.Build.0 = Release|Win32
	EndGlobalSection
	GlobalSection(SolutionProperties) = preSolution
		HideSolutionNode = FALSE
	EndGlobalSection
	GlobalSection(ExtensibilityGlobals) = postSolution
		SolutionGuid = {45A84FA3-B2C5-44D3-91D5-36702C677C77}
	EndGlobalSection
EndGlobal
